// !$*UTF8*$!
{
	archiveVersion = 1;
	classes = {
	};
	objectVersion = 50;
	objects = {

/* Begin PBXFileReference section */
		8504649A26BF4105005CBF94 /* TLX.schema.json */ = {isa = PBXFileReference; fileEncoding = 4; lastKnownFileType = text.json; path = TLX.schema.json; sourceTree = SOURCE_ROOT; };
		8504649B26BF4105005CBF94 /* smpte-tlx-profiles.json */ = {isa = PBXFileReference; fileEncoding = 4; lastKnownFileType = text.json; path = "smpte-tlx-profiles.json"; sourceTree = SOURCE_ROOT; };
		8504649C26BF4105005CBF94 /* tlx-example-foo.json */ = {isa = PBXFileReference; fileEncoding = 4; lastKnownFileType = text.json; path = "tlx-example-foo.json"; sourceTree = SOURCE_ROOT; };
		8504649D26BF4105005CBF94 /* smpte-tlx-items.json */ = {isa = PBXFileReference; fileEncoding = 4; lastKnownFileType = text.json; path = "smpte-tlx-items.json"; sourceTree = SOURCE_ROOT; };
		8504649E26BF4105005CBF94 /* smpte-tlx-foo.json */ = {isa = PBXFileReference; fileEncoding = 4; lastKnownFileType = text.json; path = "smpte-tlx-foo.json"; sourceTree = SOURCE_ROOT; };
/* End PBXFileReference section */

/* Begin PBXGroup section */
		85E6508626BF35AC00CF8B32 = {
			isa = PBXGroup;
			children = (
				8504649E26BF4105005CBF94 /* smpte-tlx-foo.json */,
				8504649D26BF4105005CBF94 /* smpte-tlx-items.json */,
				8504649B26BF4105005CBF94 /* smpte-tlx-profiles.json */,
				8504649C26BF4105005CBF94 /* tlx-example-foo.json */,
				8504649A26BF4105005CBF94 /* TLX.schema.json */,
			);
			sourceTree = "<group>";
		};
/* End PBXGroup section */

/* Begin PBXProject section */
		85E6508726BF35AC00CF8B32 /* Project object */ = {
			isa = PBXProject;
			attributes = {
				LastUpgradeCheck = 1250;
			};
			buildConfigurationList = 85E6508A26BF35AC00CF8B32 /* Build configuration list for PBXProject "smpte-32nf-tlx" */;
			compatibilityVersion = "Xcode 9.3";
			developmentRegion = en;
			hasScannedForEncodings = 0;
			knownRegions = (
				en,
				Base,
			);
			mainGroup = 85E6508626BF35AC00CF8B32;
			projectDirPath = "";
			projectRoot = "";
			targets = (
			);
		};
/* End PBXProject section */

/* Begin XCBuildConfiguration section */
		85E6508B26BF35AC00CF8B32 /* Debug */ = {
			isa = XCBuildConfiguration;
			buildSettings = {
			};
			name = Debug;
		};
		85E6508C26BF35AC00CF8B32 /* Release */ = {
			isa = XCBuildConfiguration;
			buildSettings = {
			};
			name = Release;
		};
/* End XCBuildConfiguration section */

/* Begin XCConfigurationList section */
		85E6508A26BF35AC00CF8B32 /* Build configuration list for PBXProject "smpte-32nf-tlx" */ = {
			isa = XCConfigurationList;
			buildConfigurations = (
				85E6508B26BF35AC00CF8B32 /* Debug */,
				85E6508C26BF35AC00CF8B32 /* Release */,
			);
			defaultConfigurationIsVisible = 0;
			defaultConfigurationName = Release;
		};
/* End XCConfigurationList section */
	};
	rootObject = 85E6508726BF35AC00CF8B32 /* Project object */;
}
